// !$*UTF8*$!
{
	archiveVersion = 1;
	classes = {
	};
	objectVersion = 77;
	objects = {

/* Begin PBXContainerItemProxy section */
		00CB8EBE2CD96C6600FF1CD3 /* PBXContainerItemProxy */ = {
			isa = PBXContainerItemProxy;
			containerPortal = 00CB8EA32CD96C6500FF1CD3 /* Project object */;
			proxyType = 1;
			remoteGlobalIDString = 00CB8EAA2CD96C6500FF1CD3;
			remoteInfo = productivio;
		};
		00CB8EC82CD96C6600FF1CD3 /* PBXContainerItemProxy */ = {
			isa = PBXContainerItemProxy;
			containerPortal = 00CB8EA32CD96C6500FF1CD3 /* Project object */;
			proxyType = 1;
			remoteGlobalIDString = 00CB8EAA2CD96C6500FF1CD3;
			remoteInfo = productivio;
		};
/* End PBXContainerItemProxy section */

/* Begin PBXFileReference section */
		00CB8EAB2CD96C6500FF1CD3 /* productivio.app */ = {isa = PBXFileReference; explicitFileType = wrapper.application; includeInIndex = 0; path = productivio.app; sourceTree = BUILT_PRODUCTS_DIR; };
		00CB8EBD2CD96C6600FF1CD3 /* productivioTests.xctest */ = {isa = PBXFileReference; explicitFileType = wrapper.cfbundle; includeInIndex = 0; path = productivioTests.xctest; sourceTree = BUILT_PRODUCTS_DIR; };
		00CB8EC72CD96C6600FF1CD3 /* productivioUITests.xctest */ = {isa = PBXFileReference; explicitFileType = wrapper.cfbundle; includeInIndex = 0; path = productivioUITests.xctest; sourceTree = BUILT_PRODUCTS_DIR; };
/* End PBXFileReference section */

/* Begin PBXFileSystemSynchronizedBuildFileExceptionSet section */
		0038DF8F2CDF758800E0AD4B /* Exceptions for "productivio" folder in "productivio" target */ = {
			isa = PBXFileSystemSynchronizedBuildFileExceptionSet;
			membershipExceptions = (
				Info.plist,
			);
			target = 00CB8EAA2CD96C6500FF1CD3 /* productivio */;
		};
/* End PBXFileSystemSynchronizedBuildFileExceptionSet section */

/* Begin PBXFileSystemSynchronizedRootGroup section */
		00CB8EAD2CD96C6500FF1CD3 /* productivio */ = {
			isa = PBXFileSystemSynchronizedRootGroup;
			exceptions = (
				0038DF8F2CDF758800E0AD4B /* Exceptions for "productivio" folder in "productivio" target */,
			);
			path = productivio;
			sourceTree = "<group>";
		};
		00CB8EC02CD96C6600FF1CD3 /* productivioTests */ = {
			isa = PBXFileSystemSynchronizedRootGroup;
			path = productivioTests;
			sourceTree = "<group>";
		};
		00CB8ECA2CD96C6600FF1CD3 /* productivioUITests */ = {
			isa = PBXFileSystemSynchronizedRootGroup;
			path = productivioUITests;
			sourceTree = "<group>";
		};
/* End PBXFileSystemSynchronizedRootGroup section */

/* Begin PBXFrameworksBuildPhase section */
		00CB8EA82CD96C6500FF1CD3 /* Frameworks */ = {
			isa = PBXFrameworksBuildPhase;
			buildActionMask = 2147483647;
			files = (
			);
			runOnlyForDeploymentPostprocessing = 0;
		};
		00CB8EBA2CD96C6600FF1CD3 /* Frameworks */ = {
			isa = PBXFrameworksBuildPhase;
			buildActionMask = 2147483647;
			files = (
			);
			runOnlyForDeploymentPostprocessing = 0;
		};
		00CB8EC42CD96C6600FF1CD3 /* Frameworks */ = {
			isa = PBXFrameworksBuildPhase;
			buildActionMask = 2147483647;
			files = (
			);
			runOnlyForDeploymentPostprocessing = 0;
		};
/* End PBXFrameworksBuildPhase section */

/* Begin PBXGroup section */
		00CB8EA22CD96C6500FF1CD3 = {
			isa = PBXGroup;
			children = (
				00CB8EAD2CD96C6500FF1CD3 /* productivio */,
				00CB8EC02CD96C6600FF1CD3 /* productivioTests */,
				00CB8ECA2CD96C6600FF1CD3 /* productivioUITests */,
				00CB8EAC2CD96C6500FF1CD3 /* Products */,
			);
			sourceTree = "<group>";
		};
		00CB8EAC2CD96C6500FF1CD3 /* Products */ = {
			isa = PBXGroup;
			children = (
				00CB8EAB2CD96C6500FF1CD3 /* productivio.app */,
				00CB8EBD2CD96C6600FF1CD3 /* productivioTests.xctest */,
				00CB8EC72CD96C6600FF1CD3 /* productivioUITests.xctest */,
			);
			name = Products;
			sourceTree = "<group>";
		};
/* End PBXGroup section */

/* Begin PBXNativeTarget section */
		00CB8EAA2CD96C6500FF1CD3 /* productivio */ = {
			isa = PBXNativeTarget;
			buildConfigurationList = 00CB8ED12CD96C6600FF1CD3 /* Build configuration list for PBXNativeTarget "productivio" */;
			buildPhases = (
				00CB8EA72CD96C6500FF1CD3 /* Sources */,
				00CB8EA82CD96C6500FF1CD3 /* Frameworks */,
				00CB8EA92CD96C6500FF1CD3 /* Resources */,
			);
			buildRules = (
			);
			dependencies = (
			);
			fileSystemSynchronizedGroups = (
				00CB8EAD2CD96C6500FF1CD3 /* productivio */,
			);
			name = productivio;
			packageProductDependencies = (
			);
			productName = productivio;
			productReference = 00CB8EAB2CD96C6500FF1CD3 /* productivio.app */;
			productType = "com.apple.product-type.application";
		};
		00CB8EBC2CD96C6600FF1CD3 /* productivioTests */ = {
			isa = PBXNativeTarget;
			buildConfigurationList = 00CB8ED42CD96C6600FF1CD3 /* Build configuration list for PBXNativeTarget "productivioTests" */;
			buildPhases = (
				00CB8EB92CD96C6600FF1CD3 /* Sources */,
				00CB8EBA2CD96C6600FF1CD3 /* Frameworks */,
				00CB8EBB2CD96C6600FF1CD3 /* Resources */,
			);
			buildRules = (
			);
			dependencies = (
				00CB8EBF2CD96C6600FF1CD3 /* PBXTargetDependency */,
			);
			fileSystemSynchronizedGroups = (
				00CB8EC02CD96C6600FF1CD3 /* productivioTests */,
			);
			name = productivioTests;
			packageProductDependencies = (
			);
			productName = productivioTests;
			productReference = 00CB8EBD2CD96C6600FF1CD3 /* productivioTests.xctest */;
			productType = "com.apple.product-type.bundle.unit-test";
		};
		00CB8EC62CD96C6600FF1CD3 /* productivioUITests */ = {
			isa = PBXNativeTarget;
			buildConfigurationList = 00CB8ED72CD96C6600FF1CD3 /* Build configuration list for PBXNativeTarget "productivioUITests" */;
			buildPhases = (
				00CB8EC32CD96C6600FF1CD3 /* Sources */,
				00CB8EC42CD96C6600FF1CD3 /* Frameworks */,
				00CB8EC52CD96C6600FF1CD3 /* Resources */,
			);
			buildRules = (
			);
			dependencies = (
				00CB8EC92CD96C6600FF1CD3 /* PBXTargetDependency */,
			);
			fileSystemSynchronizedGroups = (
				00CB8ECA2CD96C6600FF1CD3 /* productivioUITests */,
			);
			name = productivioUITests;
			packageProductDependencies = (
			);
			productName = productivioUITests;
			productReference = 00CB8EC72CD96C6600FF1CD3 /* productivioUITests.xctest */;
			productType = "com.apple.product-type.bundle.ui-testing";
		};
/* End PBXNativeTarget section */

/* Begin PBXProject section */
		00CB8EA32CD96C6500FF1CD3 /* Project object */ = {
			isa = PBXProject;
			attributes = {
				BuildIndependentTargetsInParallel = 1;
				LastSwiftUpdateCheck = 1610;
				LastUpgradeCheck = 1610;
				TargetAttributes = {
					00CB8EAA2CD96C6500FF1CD3 = {
						CreatedOnToolsVersion = 16.1;
					};
					00CB8EBC2CD96C6600FF1CD3 = {
						CreatedOnToolsVersion = 16.1;
						TestTargetID = 00CB8EAA2CD96C6500FF1CD3;
					};
					00CB8EC62CD96C6600FF1CD3 = {
						CreatedOnToolsVersion = 16.1;
						TestTargetID = 00CB8EAA2CD96C6500FF1CD3;
					};
				};
			};
			buildConfigurationList = 00CB8EA62CD96C6500FF1CD3 /* Build configuration list for PBXProject "productivio" */;
			developmentRegion = en;
			hasScannedForEncodings = 0;
			knownRegions = (
				en,
				Base,
			);
			mainGroup = 00CB8EA22CD96C6500FF1CD3;
			minimizedProjectReferenceProxies = 1;
			preferredProjectObjectVersion = 77;
			productRefGroup = 00CB8EAC2CD96C6500FF1CD3 /* Products */;
			projectDirPath = "";
			projectRoot = "";
			targets = (
				00CB8EAA2CD96C6500FF1CD3 /* productivio */,
				00CB8EBC2CD96C6600FF1CD3 /* productivioTests */,
				00CB8EC62CD96C6600FF1CD3 /* productivioUITests */,
			);
		};
/* End PBXProject section */

/* Begin PBXResourcesBuildPhase section */
		00CB8EA92CD96C6500FF1CD3 /* Resources */ = {
			isa = PBXResourcesBuildPhase;
			buildActionMask = 2147483647;
			files = (
			);
			runOnlyForDeploymentPostprocessing = 0;
		};
		00CB8EBB2CD96C6600FF1CD3 /* Resources */ = {
			isa = PBXResourcesBuildPhase;
			buildActionMask = 2147483647;
			files = (
			);
			runOnlyForDeploymentPostprocessing = 0;
		};
		00CB8EC52CD96C6600FF1CD3 /* Resources */ = {
			isa = PBXResourcesBuildPhase;
			buildActionMask = 2147483647;
			files = (
			);
			runOnlyForDeploymentPostprocessing = 0;
		};
/* End PBXResourcesBuildPhase section */

/* Begin PBXSourcesBuildPhase section */
		00CB8EA72CD96C6500FF1CD3 /* Sources */ = {
			isa = PBXSourcesBuildPhase;
			buildActionMask = 2147483647;
			files = (
			);
			runOnlyForDeploymentPostprocessing = 0;
		};
		00CB8EB92CD96C6600FF1CD3 /* Sources */ = {
			isa = PBXSourcesBuildPhase;
			buildActionMask = 2147483647;
			files = (
			);
			runOnlyForDeploymentPostprocessing = 0;
		};
		00CB8EC32CD96C6600FF1CD3 /* Sources */ = {
			isa = PBXSourcesBuildPhase;
			buildActionMask = 2147483647;
			files = (
			);
			runOnlyForDeploymentPostprocessing = 0;
		};
/* End PBXSourcesBuildPhase section */

/* Begin PBXTargetDependency section */
		00CB8EBF2CD96C6600FF1CD3 /* PBXTargetDependency */ = {
			isa = PBXTargetDependency;
			target = 00CB8EAA2CD96C6500FF1CD3 /* productivio */;
			targetProxy = 00CB8EBE2CD96C6600FF1CD3 /* PBXContainerItemProxy */;
		};
		00CB8EC92CD96C6600FF1CD3 /* PBXTargetDependency */ = {
			isa = PBXTargetDependency;
			target = 00CB8EAA2CD96C6500FF1CD3 /* productivio */;
			targetProxy = 00CB8EC82CD96C6600FF1CD3 /* PBXContainerItemProxy */;
		};
/* End PBXTargetDependency section */

/* Begin XCBuildConfiguration section */
		00CB8ECF2CD96C6600FF1CD3 /* Debug */ = {
			isa = XCBuildConfiguration;
			buildSettings = {
				ALWAYS_SEARCH_USER_PATHS = NO;
				ASSETCATALOG_COMPILER_GENERATE_SWIFT_ASSET_SYMBOL_EXTENSIONS = YES;
				CLANG_ANALYZER_NONNULL = YES;
				CLANG_ANALYZER_NUMBER_OBJECT_CONVERSION = YES_AGGRESSIVE;
				CLANG_CXX_LANGUAGE_STANDARD = "gnu++20";
				CLANG_ENABLE_MODULES = YES;
				CLANG_ENABLE_OBJC_ARC = YES;
				CLANG_ENABLE_OBJC_WEAK = YES;
				CLANG_WARN_BLOCK_CAPTURE_AUTORELEASING = YES;
				CLANG_WARN_BOOL_CONVERSION = YES;
				CLANG_WARN_COMMA = YES;
				CLANG_WARN_CONSTANT_CONVERSION = YES;
				CLANG_WARN_DEPRECATED_OBJC_IMPLEMENTATIONS = YES;
				CLANG_WARN_DIRECT_OBJC_ISA_USAGE = YES_ERROR;
				CLANG_WARN_DOCUMENTATION_COMMENTS = YES;
				CLANG_WARN_EMPTY_BODY = YES;
				CLANG_WARN_ENUM_CONVERSION = YES;
				CLANG_WARN_INFINITE_RECURSION = YES;
				CLANG_WARN_INT_CONVERSION = YES;
				CLANG_WARN_NON_LITERAL_NULL_CONVERSION = YES;
				CLANG_WARN_OBJC_IMPLICIT_RETAIN_SELF = YES;
				CLANG_WARN_OBJC_LITERAL_CONVERSION = YES;
				CLANG_WARN_OBJC_ROOT_CLASS = YES_ERROR;
				CLANG_WARN_QUOTED_INCLUDE_IN_FRAMEWORK_HEADER = YES;
				CLANG_WARN_RANGE_LOOP_ANALYSIS = YES;
				CLANG_WARN_STRICT_PROTOTYPES = YES;
				CLANG_WARN_SUSPICIOUS_MOVE = YES;
				CLANG_WARN_UNGUARDED_AVAILABILITY = YES_AGGRESSIVE;
				CLANG_WARN_UNREACHABLE_CODE = YES;
				CLANG_WARN__DUPLICATE_METHOD_MATCH = YES;
				COPY_PHASE_STRIP = NO;
				DEBUG_INFORMATION_FORMAT = dwarf;
				ENABLE_STRICT_OBJC_MSGSEND = YES;
				ENABLE_TESTABILITY = YES;
				ENABLE_USER_SCRIPT_SANDBOXING = YES;
				GCC_C_LANGUAGE_STANDARD = gnu17;
				GCC_DYNAMIC_NO_PIC = NO;
				GCC_NO_COMMON_BLOCKS = YES;
				GCC_OPTIMIZATION_LEVEL = 0;
				GCC_PREPROCESSOR_DEFINITIONS = (
					"DEBUG=1",
					"$(inherited)",
				);
				GCC_WARN_64_TO_32_BIT_CONVERSION = YES;
				GCC_WARN_ABOUT_RETURN_TYPE = YES_ERROR;
				GCC_WARN_UNDECLARED_SELECTOR = YES;
				GCC_WARN_UNINITIALIZED_AUTOS = YES_AGGRESSIVE;
				GCC_WARN_UNUSED_FUNCTION = YES;
				GCC_WARN_UNUSED_VARIABLE = YES;
				IPHONEOS_DEPLOYMENT_TARGET = 18.1;
				LOCALIZATION_PREFERS_STRING_CATALOGS = YES;
				MTL_ENABLE_DEBUG_INFO = INCLUDE_SOURCE;
				MTL_FAST_MATH = YES;
				ONLY_ACTIVE_ARCH = YES;
				SDKROOT = iphoneos;
				SWIFT_ACTIVE_COMPILATION_CONDITIONS = "DEBUG $(inherited)";
				SWIFT_OPTIMIZATION_LEVEL = "-Onone";
			};
			name = Debug;
		};
		00CB8ED02CD96C6600FF1CD3 /* Release */ = {
			isa = XCBuildConfiguration;
			buildSettings = {
				ALWAYS_SEARCH_USER_PATHS = NO;
				ASSETCATALOG_COMPILER_GENERATE_SWIFT_ASSET_SYMBOL_EXTENSIONS = YES;
				CLANG_ANALYZER_NONNULL = YES;
				CLANG_ANALYZER_NUMBER_OBJECT_CONVERSION = YES_AGGRESSIVE;
				CLANG_CXX_LANGUAGE_STANDARD = "gnu++20";
				CLANG_ENABLE_MODULES = YES;
				CLANG_ENABLE_OBJC_ARC = YES;
				CLANG_ENABLE_OBJC_WEAK = YES;
				CLANG_WARN_BLOCK_CAPTURE_AUTORELEASING = YES;
				CLANG_WARN_BOOL_CONVERSION = YES;
				CLANG_WARN_COMMA = YES;
				CLANG_WARN_CONSTANT_CONVERSION = YES;
				CLANG_WARN_DEPRECATED_OBJC_IMPLEMENTATIONS = YES;
				CLANG_WARN_DIRECT_OBJC_ISA_USAGE = YES_ERROR;
				CLANG_WARN_DOCUMENTATION_COMMENTS = YES;
				CLANG_WARN_EMPTY_BODY = YES;
				CLANG_WARN_ENUM_CONVERSION = YES;
				CLANG_WARN_INFINITE_RECURSION = YES;
				CLANG_WARN_INT_CONVERSION = YES;
				CLANG_WARN_NON_LITERAL_NULL_CONVERSION = YES;
				CLANG_WARN_OBJC_IMPLICIT_RETAIN_SELF = YES;
				CLANG_WARN_OBJC_LITERAL_CONVERSION = YES;
				CLANG_WARN_OBJC_ROOT_CLASS = YES_ERROR;
				CLANG_WARN_QUOTED_INCLUDE_IN_FRAMEWORK_HEADER = YES;
				CLANG_WARN_RANGE_LOOP_ANALYSIS = YES;
				CLANG_WARN_STRICT_PROTOTYPES = YES;
				CLANG_WARN_SUSPICIOUS_MOVE = YES;
				CLANG_WARN_UNGUARDED_AVAILABILITY = YES_AGGRESSIVE;
				CLANG_WARN_UNREACHABLE_CODE = YES;
				CLANG_WARN__DUPLICATE_METHOD_MATCH = YES;
				COPY_PHASE_STRIP = NO;
				DEBUG_INFORMATION_FORMAT = "dwarf-with-dsym";
				ENABLE_NS_ASSERTIONS = NO;
				ENABLE_STRICT_OBJC_MSGSEND = YES;
				ENABLE_USER_SCRIPT_SANDBOXING = YES;
				GCC_C_LANGUAGE_STANDARD = gnu17;
				GCC_NO_COMMON_BLOCKS = YES;
				GCC_WARN_64_TO_32_BIT_CONVERSION = YES;
				GCC_WARN_ABOUT_RETURN_TYPE = YES_ERROR;
				GCC_WARN_UNDECLARED_SELECTOR = YES;
				GCC_WARN_UNINITIALIZED_AUTOS = YES_AGGRESSIVE;
				GCC_WARN_UNUSED_FUNCTION = YES;
				GCC_WARN_UNUSED_VARIABLE = YES;
				IPHONEOS_DEPLOYMENT_TARGET = 18.1;
				LOCALIZATION_PREFERS_STRING_CATALOGS = YES;
				MTL_ENABLE_DEBUG_INFO = NO;
				MTL_FAST_MATH = YES;
				SDKROOT = iphoneos;
				SWIFT_COMPILATION_MODE = wholemodule;
				VALIDATE_PRODUCT = YES;
			};
			name = Release;
		};
		00CB8ED22CD96C6600FF1CD3 /* Debug */ = {
			isa = XCBuildConfiguration;
			buildSettings = {
				ASSETCATALOG_COMPILER_APPICON_NAME = AppIcon;
				ASSETCATALOG_COMPILER_GLOBAL_ACCENT_COLOR_NAME = AccentColor;
				CODE_SIGN_STYLE = Automatic;
				CURRENT_PROJECT_VERSION = 1;
				DEVELOPMENT_ASSET_PATHS = "\"productivio/Preview Content\"";
				DEVELOPMENT_TEAM = 4R384VJY7A;
				ENABLE_PREVIEWS = YES;
				GENERATE_INFOPLIST_FILE = YES;
				INFOPLIST_FILE = productivio/Info.plist;
				INFOPLIST_KEY_CFBundleDisplayName = Productivno;
				INFOPLIST_KEY_LSApplicationCategoryType = "public.app-category.productivity";
				INFOPLIST_KEY_UIApplicationSceneManifest_Generation = YES;
				INFOPLIST_KEY_UIApplicationSupportsIndirectInputEvents = YES;
				INFOPLIST_KEY_UISupportedInterfaceOrientations = UIInterfaceOrientationPortrait;
				INFOPLIST_KEY_UISupportedInterfaceOrientations_iPad = "UIInterfaceOrientationLandscapeLeft UIInterfaceOrientationLandscapeRight UIInterfaceOrientationPortrait UIInterfaceOrientationPortraitUpsideDown";
				LD_RUNPATH_SEARCH_PATHS = (
					"$(inherited)",
					"@executable_path/Frameworks",
				);
				MARKETING_VERSION = 1.0;
				PRODUCT_BUNDLE_IDENTIFIER = fonbrot.com.productivio;
				PRODUCT_NAME = "$(TARGET_NAME)";
				SUPPORTED_PLATFORMS = "iphoneos iphonesimulator";
				SUPPORTS_MACCATALYST = NO;
				SUPPORTS_MAC_DESIGNED_FOR_IPHONE_IPAD = NO;
				SWIFT_EMIT_LOC_STRINGS = YES;
				SWIFT_VERSION = 5.0;
				TARGETED_DEVICE_FAMILY = "1,2";
			};
			name = Debug;
		};
		00CB8ED32CD96C6600FF1CD3 /* Release */ = {
			isa = XCBuildConfiguration;
			buildSettings = {
				ASSETCATALOG_COMPILER_APPICON_NAME = AppIcon;
				ASSETCATALOG_COMPILER_GLOBAL_ACCENT_COLOR_NAME = AccentColor;
				CODE_SIGN_STYLE = Automatic;
				CURRENT_PROJECT_VERSION = 1;
				DEVELOPMENT_ASSET_PATHS = "\"productivio/Preview Content\"";
				DEVELOPMENT_TEAM = 4R384VJY7A;
				ENABLE_PREVIEWS = YES;
				GENERATE_INFOPLIST_FILE = YES;
				INFOPLIST_FILE = productivio/Info.plist;
				INFOPLIST_KEY_CFBundleDisplayName = Productivno;
				INFOPLIST_KEY_LSApplicationCategoryType = "public.app-category.productivity";
				INFOPLIST_KEY_UIApplicationSceneManifest_Generation = YES;
				INFOPLIST_KEY_UIApplicationSupportsIndirectInputEvents = YES;
				INFOPLIST_KEY_UISupportedInterfaceOrientations = UIInterfaceOrientationPortrait;
				INFOPLIST_KEY_UISupportedInterfaceOrientations_iPad = "UIInterfaceOrientationLandscapeLeft UIInterfaceOrientationLandscapeRight UIInterfaceOrientationPortrait UIInterfaceOrientationPortraitUpsideDown";
				LD_RUNPATH_SEARCH_PATHS = (
					"$(inherited)",
					"@executable_path/Frameworks",
				);
				MARKETING_VERSION = 1.0;
				PRODUCT_BUNDLE_IDENTIFIER = fonbrot.com.productivio;
				PRODUCT_NAME = "$(TARGET_NAME)";
				SUPPORTED_PLATFORMS = "iphoneos iphonesimulator";
				SUPPORTS_MACCATALYST = NO;
				SUPPORTS_MAC_DESIGNED_FOR_IPHONE_IPAD = NO;
				SWIFT_EMIT_LOC_STRINGS = YES;
				SWIFT_VERSION = 5.0;
				TARGETED_DEVICE_FAMILY = "1,2";
			};
			name = Release;
		};
		00CB8ED52CD96C6600FF1CD3 /* Debug */ = {
			isa = XCBuildConfiguration;
			buildSettings = {
				BUNDLE_LOADER = "$(TEST_HOST)";
				CODE_SIGN_STYLE = Automatic;
				CURRENT_PROJECT_VERSION = 1;
				DEVELOPMENT_TEAM = 4R384VJY7A;
				GENERATE_INFOPLIST_FILE = YES;
				IPHONEOS_DEPLOYMENT_TARGET = 18.1;
				MARKETING_VERSION = 1.0;
				PRODUCT_BUNDLE_IDENTIFIER = fonbrot.com.productivioTests;
				PRODUCT_NAME = "$(TARGET_NAME)";
				SWIFT_EMIT_LOC_STRINGS = NO;
				SWIFT_VERSION = 5.0;
				TARGETED_DEVICE_FAMILY = "1,2";
				TEST_HOST = "$(BUILT_PRODUCTS_DIR)/productivio.app/$(BUNDLE_EXECUTABLE_FOLDER_PATH)/productivio";
			};
			name = Debug;
		};
		00CB8ED62CD96C6600FF1CD3 /* Release */ = {
			isa = XCBuildConfiguration;
			buildSettings = {
				BUNDLE_LOADER = "$(TEST_HOST)";
				CODE_SIGN_STYLE = Automatic;
				CURRENT_PROJECT_VERSION = 1;
				DEVELOPMENT_TEAM = 4R384VJY7A;
				GENERATE_INFOPLIST_FILE = YES;
				IPHONEOS_DEPLOYMENT_TARGET = 18.1;
				MARKETING_VERSION = 1.0;
				PRODUCT_BUNDLE_IDENTIFIER = fonbrot.com.productivioTests;
				PRODUCT_NAME = "$(TARGET_NAME)";
				SWIFT_EMIT_LOC_STRINGS = NO;
				SWIFT_VERSION = 5.0;
				TARGETED_DEVICE_FAMILY = "1,2";
				TEST_HOST = "$(BUILT_PRODUCTS_DIR)/productivio.app/$(BUNDLE_EXECUTABLE_FOLDER_PATH)/productivio";
			};
			name = Release;
		};
		00CB8ED82CD96C6600FF1CD3 /* Debug */ = {
			isa = XCBuildConfiguration;
			buildSettings = {
				CODE_SIGN_STYLE = Automatic;
				CURRENT_PROJECT_VERSION = 1;
				DEVELOPMENT_TEAM = 4R384VJY7A;
				GENERATE_INFOPLIST_FILE = YES;
				MARKETING_VERSION = 1.0;
				PRODUCT_BUNDLE_IDENTIFIER = fonbrot.com.productivioUITests;
				PRODUCT_NAME = "$(TARGET_NAME)";
				SWIFT_EMIT_LOC_STRINGS = NO;
				SWIFT_VERSION = 5.0;
				TARGETED_DEVICE_FAMILY = "1,2";
				TEST_TARGET_NAME = productivio;
			};
			name = Debug;
		};
		00CB8ED92CD96C6600FF1CD3 /* Release */ = {
			isa = XCBuildConfiguration;
			buildSettings = {
				CODE_SIGN_STYLE = Automatic;
				CURRENT_PROJECT_VERSION = 1;
				DEVELOPMENT_TEAM = 4R384VJY7A;
				GENERATE_INFOPLIST_FILE = YES;
				MARKETING_VERSION = 1.0;
				PRODUCT_BUNDLE_IDENTIFIER = fonbrot.com.productivioUITests;
				PRODUCT_NAME = "$(TARGET_NAME)";
				SWIFT_EMIT_LOC_STRINGS = NO;
				SWIFT_VERSION = 5.0;
				TARGETED_DEVICE_FAMILY = "1,2";
				TEST_TARGET_NAME = productivio;
			};
			name = Release;
		};
/* End XCBuildConfiguration section */

/* Begin XCConfigurationList section */
		00CB8EA62CD96C6500FF1CD3 /* Build configuration list for PBXProject "productivio" */ = {
			isa = XCConfigurationList;
			buildConfigurations = (
				00CB8ECF2CD96C6600FF1CD3 /* Debug */,
				00CB8ED02CD96C6600FF1CD3 /* Release */,
			);
			defaultConfigurationIsVisible = 0;
			defaultConfigurationName = Release;
		};
		00CB8ED12CD96C6600FF1CD3 /* Build configuration list for PBXNativeTarget "productivio" */ = {
			isa = XCConfigurationList;
			buildConfigurations = (
				00CB8ED22CD96C6600FF1CD3 /* Debug */,
				00CB8ED32CD96C6600FF1CD3 /* Release */,
			);
			defaultConfigurationIsVisible = 0;
			defaultConfigurationName = Release;
		};
		00CB8ED42CD96C6600FF1CD3 /* Build configuration list for PBXNativeTarget "productivioTests" */ = {
			isa = XCConfigurationList;
			buildConfigurations = (
				00CB8ED52CD96C6600FF1CD3 /* Debug */,
				00CB8ED62CD96C6600FF1CD3 /* Release */,
			);
			defaultConfigurationIsVisible = 0;
			defaultConfigurationName = Release;
		};
		00CB8ED72CD96C6600FF1CD3 /* Build configuration list for PBXNativeTarget "productivioUITests" */ = {
			isa = XCConfigurationList;
			buildConfigurations = (
				00CB8ED82CD96C6600FF1CD3 /* Debug */,
				00CB8ED92CD96C6600FF1CD3 /* Release */,
			);
			defaultConfigurationIsVisible = 0;
			defaultConfigurationName = Release;
		};
/* End XCConfigurationList section */
	};
	rootObject = 00CB8EA32CD96C6500FF1CD3 /* Project object */;
}
